
Microsoft Visual Studio Solution File, Format Version 12.00
# Visual Studio Version 17
VisualStudioVersion = 17.14.36203.30 d17.14
MinimumVisualStudioVersion = 10.0.40219.1
Project("{888888A0-9F3D-457C-B088-3A5042F75D52}") = "inventory", "inventory\inventory.pyproj", "{2DDE18E4-AEA9-486A-BE7D-56824EFA010C}"
EndProject
Global
	GlobalSection(SolutionConfigurationPlatforms) = preSolution
		Debug|Any CPU = Debug|Any CPU
		Release|Any CPU = Release|Any CPU
	EndGlobalSection
	GlobalSection(ProjectConfigurationPlatforms) = postSolution
		{2DDE18E4-AEA9-486A-BE7D-56824EFA010C}.Debug|Any CPU.ActiveCfg = Debug|Any CPU
		{2DDE18E4-AEA9-486A-BE7D-56824EFA010C}.Release|Any CPU.ActiveCfg = Release|Any CPU
	EndGlobalSection
	GlobalSection(SolutionProperties) = preSolution
		HideSolutionNode = FALSE
	EndGlobalSection
	GlobalSection(ExtensibilityGlobals) = postSolution
		SolutionGuid = {B3882CE2-7ECA-4F82-8A0C-DCC6A832F15E}
	EndGlobalSection
EndGlobal
