
Microsoft Visual Studio Solution File, Format Version 12.00
# Visual Studio Version 17
VisualStudioVersion = 17.14.36203.30 d17.14
MinimumVisualStudioVersion = 10.0.40219.1
Project("{888888A0-9F3D-457C-B088-3A5042F75D52}") = "stock code", "stock code\stock code.pyproj", "{03F72A17-5B25-404B-AD2C-05FE9BA5DBE2}"
EndProject
Global
	GlobalSection(SolutionConfigurationPlatforms) = preSolution
		Debug|Any CPU = Debug|Any CPU
		Release|Any CPU = Release|Any CPU
	EndGlobalSection
	GlobalSection(ProjectConfigurationPlatforms) = postSolution
		{03F72A17-5B25-404B-AD2C-05FE9BA5DBE2}.Debug|Any CPU.ActiveCfg = Debug|Any CPU
		{03F72A17-5B25-404B-AD2C-05FE9BA5DBE2}.Release|Any CPU.ActiveCfg = Release|Any CPU
	EndGlobalSection
	GlobalSection(SolutionProperties) = preSolution
		HideSolutionNode = FALSE
	EndGlobalSection
	GlobalSection(ExtensibilityGlobals) = postSolution
		SolutionGuid = {BE4ADFD7-E976-4C77-A1D9-93C3B4F83433}
	EndGlobalSection
EndGlobal
