
Microsoft Visual Studio Solution File, Format Version 12.00
# Visual Studio Version 17
VisualStudioVersion = 17.14.36203.30 d17.14
MinimumVisualStudioVersion = 10.0.40219.1
Project("{888888A0-9F3D-457C-B088-3A5042F75D52}") = "cinderella story", "cinderella story\cinderella story.pyproj", "{B6BAD3DD-D576-4C76-9B32-20A6BC1D15D0}"
EndProject
Global
	GlobalSection(SolutionConfigurationPlatforms) = preSolution
		Debug|Any CPU = Debug|Any CPU
		Release|Any CPU = Release|Any CPU
	EndGlobalSection
	GlobalSection(ProjectConfigurationPlatforms) = postSolution
		{B6BAD3DD-D576-4C76-9B32-20A6BC1D15D0}.Debug|Any CPU.ActiveCfg = Debug|Any CPU
		{B6BAD3DD-D576-4C76-9B32-20A6BC1D15D0}.Release|Any CPU.ActiveCfg = Release|Any CPU
	EndGlobalSection
	GlobalSection(SolutionProperties) = preSolution
		HideSolutionNode = FALSE
	EndGlobalSection
	GlobalSection(ExtensibilityGlobals) = postSolution
		SolutionGuid = {5A6EACEF-F8B6-4B79-B1DF-25FF0789E3A7}
	EndGlobalSection
EndGlobal
