
Microsoft Visual Studio Solution File, Format Version 12.00
# Visual Studio Version 17
VisualStudioVersion = 17.14.36203.30 d17.14
MinimumVisualStudioVersion = 10.0.40219.1
Project("{888888A0-9F3D-457C-B088-3A5042F75D52}") = "Quiz 2", "Quiz 2\Quiz 2.pyproj", "{043B88D5-133A-42CD-BAD5-7C4780752D29}"
EndProject
Global
	GlobalSection(SolutionConfigurationPlatforms) = preSolution
		Debug|Any CPU = Debug|Any CPU
		Release|Any CPU = Release|Any CPU
	EndGlobalSection
	GlobalSection(ProjectConfigurationPlatforms) = postSolution
		{043B88D5-133A-42CD-BAD5-7C4780752D29}.Debug|Any CPU.ActiveCfg = Debug|Any CPU
		{043B88D5-133A-42CD-BAD5-7C4780752D29}.Release|Any CPU.ActiveCfg = Release|Any CPU
	EndGlobalSection
	GlobalSection(SolutionProperties) = preSolution
		HideSolutionNode = FALSE
	EndGlobalSection
	GlobalSection(ExtensibilityGlobals) = postSolution
		SolutionGuid = {CBF9496E-72A1-459B-9073-D397E0318FBD}
	EndGlobalSection
EndGlobal
